
Microsoft Visual Studio Solution File, Format Version 12.00
# Visual Studio Version 16
VisualStudioVersion = 16.0.30907.101
MinimumVisualStudioVersion = 10.0.40219.1
Project("{FAE04EC0-301F-11D3-BF4B-00C04F79EFBC}") = "AirlineLibrary", "Airline\AirlineLibrary.csproj", "{61014E6B-26E1-4661-A206-F96472483B2D}"
EndProject
Project("{FAE04EC0-301F-11D3-BF4B-00C04F79EFBC}") = "AirlineApp", "AirlineApp\AirlineApp.csproj", "{EFD36740-AF9D-4219-AAD6-2FB7012F34B8}"
EndProject
Global
	GlobalSection(SolutionConfigurationPlatforms) = preSolution
		Debug|Any CPU = Debug|Any CPU
		Release|Any CPU = Release|Any CPU
	EndGlobalSection
	GlobalSection(ProjectConfigurationPlatforms) = postSolution
		{61014E6B-26E1-4661-A206-F96472483B2D}.Debug|Any CPU.ActiveCfg = Debug|Any CPU
		{61014E6B-26E1-4661-A206-F96472483B2D}.Debug|Any CPU.Build.0 = Debug|Any CPU
		{61014E6B-26E1-4661-A206-F96472483B2D}.Release|Any CPU.ActiveCfg = Release|Any CPU
		{61014E6B-26E1-4661-A206-F96472483B2D}.Release|Any CPU.Build.0 = Release|Any CPU
		{EFD36740-AF9D-4219-AAD6-2FB7012F34B8}.Debug|Any CPU.ActiveCfg = Debug|Any CPU
		{EFD36740-AF9D-4219-AAD6-2FB7012F34B8}.Debug|Any CPU.Build.0 = Debug|Any CPU
		{EFD36740-AF9D-4219-AAD6-2FB7012F34B8}.Release|Any CPU.ActiveCfg = Release|Any CPU
		{EFD36740-AF9D-4219-AAD6-2FB7012F34B8}.Release|Any CPU.Build.0 = Release|Any CPU
	EndGlobalSection
	GlobalSection(SolutionProperties) = preSolution
		HideSolutionNode = FALSE
	EndGlobalSection
	GlobalSection(ExtensibilityGlobals) = postSolution
		SolutionGuid = {4DD76214-A4E1-41CD-8F1D-FCD2E90517F5}
	EndGlobalSection
EndGlobal
